
Microsoft Visual Studio Solution File, Format Version 12.00
# Visual Studio Version 16
VisualStudioVersion = 16.6.30114.105
MinimumVisualStudioVersion = 10.0.40219.1
Project("{9A19103F-16F7-4668-BE54-9A1E7A4F7556}") = "WixToolset.Dtf.Compression", "Dtf\WixToolset.Dtf.Compression\WixToolset.Dtf.Compression.csproj", "{8FA1A98B-0BBC-4B1F-AF65-BD082CBF8694}"
EndProject
Project("{9A19103F-16F7-4668-BE54-9A1E7A4F7556}") = "WixToolset.Dtf.Compression.Cab", "Dtf\WixToolset.Dtf.Compression.Cab\WixToolset.Dtf.Compression.Cab.csproj", "{37C13AEE-2146-48CB-86AD-D82742796914}"
EndProject
Project("{9A19103F-16F7-4668-BE54-9A1E7A4F7556}") = "WixToolset.Dtf.Compression.Zip", "Dtf\WixToolset.Dtf.Compression.Zip\WixToolset.Dtf.Compression.Zip.csproj", "{3BE37FFA-0F4A-40CA-B282-5B8E5FF2A8A3}"
EndProject
Project("{9A19103F-16F7-4668-BE54-9A1E7A4F7556}") = "WixToolset.Dtf.Resources", "Dtf\WixToolset.Dtf.Resources\WixToolset.Dtf.Resources.csproj", "{92C286E3-40A6-4FC6-BC45-8362DBE91081}"
EndProject
Project("{9A19103F-16F7-4668-BE54-9A1E7A4F7556}") = "WixToolset.Dtf.WindowsInstaller", "Dtf\WixToolset.Dtf.WindowsInstaller\WixToolset.Dtf.WindowsInstaller.csproj", "{B1CB4593-DA13-4DBE-9A9E-D3716E0DFF7B}"
EndProject
Project("{9A19103F-16F7-4668-BE54-9A1E7A4F7556}") = "WixToolset.Dtf.WindowsInstaller.Linq", "Dtf\WixToolset.Dtf.WindowsInstaller.Linq\WixToolset.Dtf.WindowsInstaller.Linq.csproj", "{43CFBE18-15CE-46B8-8D48-3E64E3C620C2}"
EndProject
Project("{9A19103F-16F7-4668-BE54-9A1E7A4F7556}") = "WixToolset.Dtf.WindowsInstaller.Package", "Dtf\WixToolset.Dtf.WindowsInstaller.Package\WixToolset.Dtf.WindowsInstaller.Package.csproj", "{4B8E1CBB-2681-4073-8605-59F66897242A}"
EndProject
Project("{8BC9CEB8-8B4A-11D0-8D11-00A0C91BC942}") = "dutil", "dutil\WixToolset.DUtil\dutil.vcxproj", "{1244E671-F108-4334-BA52-8A7517F26ECD}"
EndProject
Project("{8BC9CEB8-8B4A-11D0-8D11-00A0C91BC942}") = "DUtilUnitTest", "dutil\test\DUtilUnitTest\DUtilUnitTest.vcxproj", "{AB7EE608-E5FB-42A5-831F-0DEEEA141223}"
EndProject
Project("{8BC9CEB8-8B4A-11D0-8D11-00A0C91BC942}") = "wcautil", "wcautil\WixToolset.WcaUtil\wcautil.vcxproj", "{5B3714B6-3A76-463E-8595-D48DA276C512}"
EndProject
Project("{FAE04EC0-301F-11D3-BF4B-00C04F79EFBC}") = "WixToolsetTests.Dtf.Compression", "Dtf\WixToolsetTests.Dtf.Compression\WixToolsetTests.Dtf.Compression.csproj", "{F045FFC1-05F9-4EA2-9F03-E1CBDB7BC4F9}"
EndProject
Project("{FAE04EC0-301F-11D3-BF4B-00C04F79EFBC}") = "WixToolsetTests.Dtf.Compression.Cab", "Dtf\WixToolsetTests.Dtf.Compression.Cab\WixToolsetTests.Dtf.Compression.Cab.csproj", "{4544158C-2D63-4146-85FF-62169280144E}"
EndProject
Project("{FAE04EC0-301F-11D3-BF4B-00C04F79EFBC}") = "WixToolsetTests.Dtf.Compression.Zip", "Dtf\WixToolsetTests.Dtf.Compression.Zip\WixToolsetTests.Dtf.Compression.Zip.csproj", "{328799BB-7B03-4B28-8180-4132211FD07D}"
EndProject
Project("{FAE04EC0-301F-11D3-BF4B-00C04F79EFBC}") = "WixToolsetTests.Dtf.WindowsInstaller", "Dtf\WixToolsetTests.Dtf.WindowsInstaller\WixToolsetTests.Dtf.WindowsInstaller.csproj", "{16F5202F-9276-4166-975C-C9654BAF8012}"
EndProject
Project("{FAE04EC0-301F-11D3-BF4B-00C04F79EFBC}") = "WixToolsetTests.Dtf.WindowsInstaller.CustomActions", "Dtf\WixToolsetTests.Dtf.WindowsInstaller.CustomActions\WixToolsetTests.Dtf.WindowsInstaller.CustomActions.csproj", "{137D376B-989F-4FEA-9A67-01D8D38CA0DE}"
EndProject
Project("{FAE04EC0-301F-11D3-BF4B-00C04F79EFBC}") = "WixToolsetTests.Dtf.WindowsInstaller.Linq", "Dtf\WixToolsetTests.Dtf.WindowsInstaller.Linq\WixToolsetTests.Dtf.WindowsInstaller.Linq.csproj", "{4F55F9B8-D8B6-41EB-8796-221B4CD98324}"
EndProject
Global
	GlobalSection(SolutionConfigurationPlatforms) = preSolution
		Debug|Any CPU = Debug|Any CPU
		Debug|ARM64 = Debug|ARM64
		Debug|x64 = Debug|x64
		Debug|x86 = Debug|x86
		Release|Any CPU = Release|Any CPU
		Release|ARM64 = Release|ARM64
		Release|x64 = Release|x64
		Release|x86 = Release|x86
	EndGlobalSection
	GlobalSection(ProjectConfigurationPlatforms) = postSolution
		{8FA1A98B-0BBC-4B1F-AF65-BD082CBF8694}.Debug|Any CPU.ActiveCfg = Debug|Any CPU
		{8FA1A98B-0BBC-4B1F-AF65-BD082CBF8694}.Debug|Any CPU.Build.0 = Debug|Any CPU
		{8FA1A98B-0BBC-4B1F-AF65-BD082CBF8694}.Debug|ARM64.ActiveCfg = Debug|Any CPU
		{8FA1A98B-0BBC-4B1F-AF65-BD082CBF8694}.Debug|ARM64.Build.0 = Debug|Any CPU
		{8FA1A98B-0BBC-4B1F-AF65-BD082CBF8694}.Debug|x64.ActiveCfg = Debug|Any CPU
		{8FA1A98B-0BBC-4B1F-AF65-BD082CBF8694}.Debug|x64.Build.0 = Debug|Any CPU
		{8FA1A98B-0BBC-4B1F-AF65-BD082CBF8694}.Debug|x86.ActiveCfg = Debug|Any CPU
		{8FA1A98B-0BBC-4B1F-AF65-BD082CBF8694}.Debug|x86.Build.0 = Debug|Any CPU
		{8FA1A98B-0BBC-4B1F-AF65-BD082CBF8694}.Release|Any CPU.ActiveCfg = Release|Any CPU
		{8FA1A98B-0BBC-4B1F-AF65-BD082CBF8694}.Release|Any CPU.Build.0 = Release|Any CPU
		{8FA1A98B-0BBC-4B1F-AF65-BD082CBF8694}.Release|ARM64.ActiveCfg = Release|Any CPU
		{8FA1A98B-0BBC-4B1F-AF65-BD082CBF8694}.Release|ARM64.Build.0 = Release|Any CPU
		{8FA1A98B-0BBC-4B1F-AF65-BD082CBF8694}.Release|x64.ActiveCfg = Release|Any CPU
		{8FA1A98B-0BBC-4B1F-AF65-BD082CBF8694}.Release|x64.Build.0 = Release|Any CPU
		{8FA1A98B-0BBC-4B1F-AF65-BD082CBF8694}.Release|x86.ActiveCfg = Release|Any CPU
		{8FA1A98B-0BBC-4B1F-AF65-BD082CBF8694}.Release|x86.Build.0 = Release|Any CPU
		{37C13AEE-2146-48CB-86AD-D82742796914}.Debug|Any CPU.ActiveCfg = Debug|Any CPU
		{37C13AEE-2146-48CB-86AD-D82742796914}.Debug|Any CPU.Build.0 = Debug|Any CPU
		{37C13AEE-2146-48CB-86AD-D82742796914}.Debug|ARM64.ActiveCfg = Debug|Any CPU
		{37C13AEE-2146-48CB-86AD-D82742796914}.Debug|ARM64.Build.0 = Debug|Any CPU
		{37C13AEE-2146-48CB-86AD-D82742796914}.Debug|x64.ActiveCfg = Debug|Any CPU
		{37C13AEE-2146-48CB-86AD-D82742796914}.Debug|x64.Build.0 = Debug|Any CPU
		{37C13AEE-2146-48CB-86AD-D82742796914}.Debug|x86.ActiveCfg = Debug|Any CPU
		{37C13AEE-2146-48CB-86AD-D82742796914}.Debug|x86.Build.0 = Debug|Any CPU
		{37C13AEE-2146-48CB-86AD-D82742796914}.Release|Any CPU.ActiveCfg = Release|Any CPU
		{37C13AEE-2146-48CB-86AD-D82742796914}.Release|Any CPU.Build.0 = Release|Any CPU
		{37C13AEE-2146-48CB-86AD-D82742796914}.Release|ARM64.ActiveCfg = Release|Any CPU
		{37C13AEE-2146-48CB-86AD-D82742796914}.Release|ARM64.Build.0 = Release|Any CPU
		{37C13AEE-2146-48CB-86AD-D82742796914}.Release|x64.ActiveCfg = Release|Any CPU
		{37C13AEE-2146-48CB-86AD-D82742796914}.Release|x64.Build.0 = Release|Any CPU
		{37C13AEE-2146-48CB-86AD-D82742796914}.Release|x86.ActiveCfg = Release|Any CPU
		{37C13AEE-2146-48CB-86AD-D82742796914}.Release|x86.Build.0 = Release|Any CPU
		{3BE37FFA-0F4A-40CA-B282-5B8E5FF2A8A3}.Debug|Any CPU.ActiveCfg = Debug|Any CPU
		{3BE37FFA-0F4A-40CA-B282-5B8E5FF2A8A3}.Debug|Any CPU.Build.0 = Debug|Any CPU
		{3BE37FFA-0F4A-40CA-B282-5B8E5FF2A8A3}.Debug|ARM64.ActiveCfg = Debug|Any CPU
		{3BE37FFA-0F4A-40CA-B282-5B8E5FF2A8A3}.Debug|ARM64.Build.0 = Debug|Any CPU
		{3BE37FFA-0F4A-40CA-B282-5B8E5FF2A8A3}.Debug|x64.ActiveCfg = Debug|Any CPU
		{3BE37FFA-0F4A-40CA-B282-5B8E5FF2A8A3}.Debug|x64.Build.0 = Debug|Any CPU
		{3BE37FFA-0F4A-40CA-B282-5B8E5FF2A8A3}.Debug|x86.ActiveCfg = Debug|Any CPU
		{3BE37FFA-0F4A-40CA-B282-5B8E5FF2A8A3}.Debug|x86.Build.0 = Debug|Any CPU
		{3BE37FFA-0F4A-40CA-B282-5B8E5FF2A8A3}.Release|Any CPU.ActiveCfg = Release|Any CPU
		{3BE37FFA-0F4A-40CA-B282-5B8E5FF2A8A3}.Release|Any CPU.Build.0 = Release|Any CPU
		{3BE37FFA-0F4A-40CA-B282-5B8E5FF2A8A3}.Release|ARM64.ActiveCfg = Release|Any CPU
		{3BE37FFA-0F4A-40CA-B282-5B8E5FF2A8A3}.Release|ARM64.Build.0 = Release|Any CPU
		{3BE37FFA-0F4A-40CA-B282-5B8E5FF2A8A3}.Release|x64.ActiveCfg = Release|Any CPU
		{3BE37FFA-0F4A-40CA-B282-5B8E5FF2A8A3}.Release|x64.Build.0 = Release|Any CPU
		{3BE37FFA-0F4A-40CA-B282-5B8E5FF2A8A3}.Release|x86.ActiveCfg = Release|Any CPU
		{3BE37FFA-0F4A-40CA-B282-5B8E5FF2A8A3}.Release|x86.Build.0 = Release|Any CPU
		{92C286E3-40A6-4FC6-BC45-8362DBE91081}.Debug|Any CPU.ActiveCfg = Debug|Any CPU
		{92C286E3-40A6-4FC6-BC45-8362DBE91081}.Debug|Any CPU.Build.0 = Debug|Any CPU
		{92C286E3-40A6-4FC6-BC45-8362DBE91081}.Debug|ARM64.ActiveCfg = Debug|Any CPU
		{92C286E3-40A6-4FC6-BC45-8362DBE91081}.Debug|ARM64.Build.0 = Debug|Any CPU
		{92C286E3-40A6-4FC6-BC45-8362DBE91081}.Debug|x64.ActiveCfg = Debug|Any CPU
		{92C286E3-40A6-4FC6-BC45-8362DBE91081}.Debug|x64.Build.0 = Debug|Any CPU
		{92C286E3-40A6-4FC6-BC45-8362DBE91081}.Debug|x86.ActiveCfg = Debug|Any CPU
		{92C286E3-40A6-4FC6-BC45-8362DBE91081}.Debug|x86.Build.0 = Debug|Any CPU
		{92C286E3-40A6-4FC6-BC45-8362DBE91081}.Release|Any CPU.ActiveCfg = Release|Any CPU
		{92C286E3-40A6-4FC6-BC45-8362DBE91081}.Release|Any CPU.Build.0 = Release|Any CPU
		{92C286E3-40A6-4FC6-BC45-8362DBE91081}.Release|ARM64.ActiveCfg = Release|Any CPU
		{92C286E3-40A6-4FC6-BC45-8362DBE91081}.Release|ARM64.Build.0 = Release|Any CPU
		{92C286E3-40A6-4FC6-BC45-8362DBE91081}.Release|x64.ActiveCfg = Release|Any CPU
		{92C286E3-40A6-4FC6-BC45-8362DBE91081}.Release|x64.Build.0 = Release|Any CPU
		{92C286E3-40A6-4FC6-BC45-8362DBE91081}.Release|x86.ActiveCfg = Release|Any CPU
		{92C286E3-40A6-4FC6-BC45-8362DBE91081}.Release|x86.Build.0 = Release|Any CPU
		{B1CB4593-DA13-4DBE-9A9E-D3716E0DFF7B}.Debug|Any CPU.ActiveCfg = Debug|Any CPU
		{B1CB4593-DA13-4DBE-9A9E-D3716E0DFF7B}.Debug|Any CPU.Build.0 = Debug|Any CPU
		{B1CB4593-DA13-4DBE-9A9E-D3716E0DFF7B}.Debug|ARM64.ActiveCfg = Debug|Any CPU
		{B1CB4593-DA13-4DBE-9A9E-D3716E0DFF7B}.Debug|ARM64.Build.0 = Debug|Any CPU
		{B1CB4593-DA13-4DBE-9A9E-D3716E0DFF7B}.Debug|x64.ActiveCfg = Debug|Any CPU
		{B1CB4593-DA13-4DBE-9A9E-D3716E0DFF7B}.Debug|x64.Build.0 = Debug|Any CPU
		{B1CB4593-DA13-4DBE-9A9E-D3716E0DFF7B}.Debug|x86.ActiveCfg = Debug|Any CPU
		{B1CB4593-DA13-4DBE-9A9E-D3716E0DFF7B}.Debug|x86.Build.0 = Debug|Any CPU
		{B1CB4593-DA13-4DBE-9A9E-D3716E0DFF7B}.Release|Any CPU.ActiveCfg = Release|Any CPU
		{B1CB4593-DA13-4DBE-9A9E-D3716E0DFF7B}.Release|Any CPU.Build.0 = Release|Any CPU
		{B1CB4593-DA13-4DBE-9A9E-D3716E0DFF7B}.Release|ARM64.ActiveCfg = Release|Any CPU
		{B1CB4593-DA13-4DBE-9A9E-D3716E0DFF7B}.Release|ARM64.Build.0 = Release|Any CPU
		{B1CB4593-DA13-4DBE-9A9E-D3716E0DFF7B}.Release|x64.ActiveCfg = Release|Any CPU
		{B1CB4593-DA13-4DBE-9A9E-D3716E0DFF7B}.Release|x64.Build.0 = Release|Any CPU
		{B1CB4593-DA13-4DBE-9A9E-D3716E0DFF7B}.Release|x86.ActiveCfg = Release|Any CPU
		{B1CB4593-DA13-4DBE-9A9E-D3716E0DFF7B}.Release|x86.Build.0 = Release|Any CPU
		{43CFBE18-15CE-46B8-8D48-3E64E3C620C2}.Debug|Any CPU.ActiveCfg = Debug|Any CPU
		{43CFBE18-15CE-46B8-8D48-3E64E3C620C2}.Debug|Any CPU.Build.0 = Debug|Any CPU
		{43CFBE18-15CE-46B8-8D48-3E64E3C620C2}.Debug|ARM64.ActiveCfg = Debug|Any CPU
		{43CFBE18-15CE-46B8-8D48-3E64E3C620C2}.Debug|ARM64.Build.0 = Debug|Any CPU
		{43CFBE18-15CE-46B8-8D48-3E64E3C620C2}.Debug|x64.ActiveCfg = Debug|Any CPU
		{43CFBE18-15CE-46B8-8D48-3E64E3C620C2}.Debug|x64.Build.0 = Debug|Any CPU
		{43CFBE18-15CE-46B8-8D48-3E64E3C620C2}.Debug|x86.ActiveCfg = Debug|Any CPU
		{43CFBE18-15CE-46B8-8D48-3E64E3C620C2}.Debug|x86.Build.0 = Debug|Any CPU
		{43CFBE18-15CE-46B8-8D48-3E64E3C620C2}.Release|Any CPU.ActiveCfg = Release|Any CPU
		{43CFBE18-15CE-46B8-8D48-3E64E3C620C2}.Release|Any CPU.Build.0 = Release|Any CPU
		{43CFBE18-15CE-46B8-8D48-3E64E3C620C2}.Release|ARM64.ActiveCfg = Release|Any CPU
		{43CFBE18-15CE-46B8-8D48-3E64E3C620C2}.Release|ARM64.Build.0 = Release|Any CPU
		{43CFBE18-15CE-46B8-8D48-3E64E3C620C2}.Release|x64.ActiveCfg = Release|Any CPU
		{43CFBE18-15CE-46B8-8D48-3E64E3C620C2}.Release|x64.Build.0 = Release|Any CPU
		{43CFBE18-15CE-46B8-8D48-3E64E3C620C2}.Release|x86.ActiveCfg = Release|Any CPU
		{43CFBE18-15CE-46B8-8D48-3E64E3C620C2}.Release|x86.Build.0 = Release|Any CPU
		{4B8E1CBB-2681-4073-8605-59F66897242A}.Debug|Any CPU.ActiveCfg = Debug|Any CPU
		{4B8E1CBB-2681-4073-8605-59F66897242A}.Debug|Any CPU.Build.0 = Debug|Any CPU
		{4B8E1CBB-2681-4073-8605-59F66897242A}.Debug|ARM64.ActiveCfg = Debug|Any CPU
		{4B8E1CBB-2681-4073-8605-59F66897242A}.Debug|ARM64.Build.0 = Debug|Any CPU
		{4B8E1CBB-2681-4073-8605-59F66897242A}.Debug|x64.ActiveCfg = Debug|Any CPU
		{4B8E1CBB-2681-4073-8605-59F66897242A}.Debug|x64.Build.0 = Debug|Any CPU
		{4B8E1CBB-2681-4073-8605-59F66897242A}.Debug|x86.ActiveCfg = Debug|Any CPU
		{4B8E1CBB-2681-4073-8605-59F66897242A}.Debug|x86.Build.0 = Debug|Any CPU
		{4B8E1CBB-2681-4073-8605-59F66897242A}.Release|Any CPU.ActiveCfg = Release|Any CPU
		{4B8E1CBB-2681-4073-8605-59F66897242A}.Release|Any CPU.Build.0 = Release|Any CPU
		{4B8E1CBB-2681-4073-8605-59F66897242A}.Release|ARM64.ActiveCfg = Release|Any CPU
		{4B8E1CBB-2681-4073-8605-59F66897242A}.Release|ARM64.Build.0 = Release|Any CPU
		{4B8E1CBB-2681-4073-8605-59F66897242A}.Release|x64.ActiveCfg = Release|Any CPU
		{4B8E1CBB-2681-4073-8605-59F66897242A}.Release|x64.Build.0 = Release|Any CPU
		{4B8E1CBB-2681-4073-8605-59F66897242A}.Release|x86.ActiveCfg = Release|Any CPU
		{4B8E1CBB-2681-4073-8605-59F66897242A}.Release|x86.Build.0 = Release|Any CPU
		{1244E671-F108-4334-BA52-8A7517F26ECD}.Debug|Any CPU.ActiveCfg = Debug|Win32
		{1244E671-F108-4334-BA52-8A7517F26ECD}.Debug|ARM64.ActiveCfg = Debug|ARM64
		{1244E671-F108-4334-BA52-8A7517F26ECD}.Debug|ARM64.Build.0 = Debug|ARM64
		{1244E671-F108-4334-BA52-8A7517F26ECD}.Debug|x64.ActiveCfg = Debug|x64
		{1244E671-F108-4334-BA52-8A7517F26ECD}.Debug|x64.Build.0 = Debug|x64
		{1244E671-F108-4334-BA52-8A7517F26ECD}.Debug|x86.ActiveCfg = Debug|Win32
		{1244E671-F108-4334-BA52-8A7517F26ECD}.Debug|x86.Build.0 = Debug|Win32
		{1244E671-F108-4334-BA52-8A7517F26ECD}.Release|Any CPU.ActiveCfg = Release|Win32
		{1244E671-F108-4334-BA52-8A7517F26ECD}.Release|ARM64.ActiveCfg = Release|ARM64
		{1244E671-F108-4334-BA52-8A7517F26ECD}.Release|ARM64.Build.0 = Release|ARM64
		{1244E671-F108-4334-BA52-8A7517F26ECD}.Release|x64.ActiveCfg = Release|x64
		{1244E671-F108-4334-BA52-8A7517F26ECD}.Release|x64.Build.0 = Release|x64
		{1244E671-F108-4334-BA52-8A7517F26ECD}.Release|x86.ActiveCfg = Release|Win32
		{1244E671-F108-4334-BA52-8A7517F26ECD}.Release|x86.Build.0 = Release|Win32
		{AB7EE608-E5FB-42A5-831F-0DEEEA141223}.Debug|Any CPU.ActiveCfg = Debug|Win32
		{AB7EE608-E5FB-42A5-831F-0DEEEA141223}.Debug|ARM64.ActiveCfg = Debug|Win32
		{AB7EE608-E5FB-42A5-831F-0DEEEA141223}.Debug|x64.ActiveCfg = Debug|Win32
		{AB7EE608-E5FB-42A5-831F-0DEEEA141223}.Debug|x86.ActiveCfg = Debug|Win32
		{AB7EE608-E5FB-42A5-831F-0DEEEA141223}.Debug|x86.Build.0 = Debug|Win32
		{AB7EE608-E5FB-42A5-831F-0DEEEA141223}.Release|Any CPU.ActiveCfg = Release|Win32
		{AB7EE608-E5FB-42A5-831F-0DEEEA141223}.Release|ARM64.ActiveCfg = Release|Win32
		{AB7EE608-E5FB-42A5-831F-0DEEEA141223}.Release|x64.ActiveCfg = Release|Win32
		{AB7EE608-E5FB-42A5-831F-0DEEEA141223}.Release|x86.ActiveCfg = Release|Win32
		{AB7EE608-E5FB-42A5-831F-0DEEEA141223}.Release|x86.Build.0 = Release|Win32
		{5B3714B6-3A76-463E-8595-D48DA276C512}.Debug|Any CPU.ActiveCfg = Debug|Win32
		{5B3714B6-3A76-463E-8595-D48DA276C512}.Debug|ARM64.ActiveCfg = Debug|ARM64
		{5B3714B6-3A76-463E-8595-D48DA276C512}.Debug|ARM64.Build.0 = Debug|ARM64
		{5B3714B6-3A76-463E-8595-D48DA276C512}.Debug|x64.ActiveCfg = Debug|x64
		{5B3714B6-3A76-463E-8595-D48DA276C512}.Debug|x64.Build.0 = Debug|x64
		{5B3714B6-3A76-463E-8595-D48DA276C512}.Debug|x86.ActiveCfg = Debug|Win32
		{5B3714B6-3A76-463E-8595-D48DA276C512}.Debug|x86.Build.0 = Debug|Win32
		{5B3714B6-3A76-463E-8595-D48DA276C512}.Release|Any CPU.ActiveCfg = Release|Win32
		{5B3714B6-3A76-463E-8595-D48DA276C512}.Release|ARM64.ActiveCfg = Release|ARM64
		{5B3714B6-3A76-463E-8595-D48DA276C512}.Release|ARM64.Build.0 = Release|ARM64
		{5B3714B6-3A76-463E-8595-D48DA276C512}.Release|x64.ActiveCfg = Release|x64
		{5B3714B6-3A76-463E-8595-D48DA276C512}.Release|x64.Build.0 = Release|x64
		{5B3714B6-3A76-463E-8595-D48DA276C512}.Release|x86.ActiveCfg = Release|Win32
		{5B3714B6-3A76-463E-8595-D48DA276C512}.Release|x86.Build.0 = Release|Win32
		{F045FFC1-05F9-4EA2-9F03-E1CBDB7BC4F9}.Debug|Any CPU.ActiveCfg = Debug|Any CPU
		{F045FFC1-05F9-4EA2-9F03-E1CBDB7BC4F9}.Debug|Any CPU.Build.0 = Debug|Any CPU
		{F045FFC1-05F9-4EA2-9F03-E1CBDB7BC4F9}.Debug|ARM64.ActiveCfg = Debug|Any CPU
		{F045FFC1-05F9-4EA2-9F03-E1CBDB7BC4F9}.Debug|ARM64.Build.0 = Debug|Any CPU
		{F045FFC1-05F9-4EA2-9F03-E1CBDB7BC4F9}.Debug|x64.ActiveCfg = Debug|Any CPU
		{F045FFC1-05F9-4EA2-9F03-E1CBDB7BC4F9}.Debug|x64.Build.0 = Debug|Any CPU
		{F045FFC1-05F9-4EA2-9F03-E1CBDB7BC4F9}.Debug|x86.ActiveCfg = Debug|Any CPU
		{F045FFC1-05F9-4EA2-9F03-E1CBDB7BC4F9}.Debug|x86.Build.0 = Debug|Any CPU
		{F045FFC1-05F9-4EA2-9F03-E1CBDB7BC4F9}.Release|Any CPU.ActiveCfg = Release|Any CPU
		{F045FFC1-05F9-4EA2-9F03-E1CBDB7BC4F9}.Release|Any CPU.Build.0 = Release|Any CPU
		{F045FFC1-05F9-4EA2-9F03-E1CBDB7BC4F9}.Release|ARM64.ActiveCfg = Release|Any CPU
		{F045FFC1-05F9-4EA2-9F03-E1CBDB7BC4F9}.Release|ARM64.Build.0 = Release|Any CPU
		{F045FFC1-05F9-4EA2-9F03-E1CBDB7BC4F9}.Release|x64.ActiveCfg = Release|Any CPU
		{F045FFC1-05F9-4EA2-9F03-E1CBDB7BC4F9}.Release|x64.Build.0 = Release|Any CPU
		{F045FFC1-05F9-4EA2-9F03-E1CBDB7BC4F9}.Release|x86.ActiveCfg = Release|Any CPU
		{F045FFC1-05F9-4EA2-9F03-E1CBDB7BC4F9}.Release|x86.Build.0 = Release|Any CPU
		{4544158C-2D63-4146-85FF-62169280144E}.Debug|Any CPU.ActiveCfg = Debug|Any CPU
		{4544158C-2D63-4146-85FF-62169280144E}.Debug|Any CPU.Build.0 = Debug|Any CPU
		{4544158C-2D63-4146-85FF-62169280144E}.Debug|ARM64.ActiveCfg = Debug|Any CPU
		{4544158C-2D63-4146-85FF-62169280144E}.Debug|ARM64.Build.0 = Debug|Any CPU
		{4544158C-2D63-4146-85FF-62169280144E}.Debug|x64.ActiveCfg = Debug|Any CPU
		{4544158C-2D63-4146-85FF-62169280144E}.Debug|x64.Build.0 = Debug|Any CPU
		{4544158C-2D63-4146-85FF-62169280144E}.Debug|x86.ActiveCfg = Debug|Any CPU
		{4544158C-2D63-4146-85FF-62169280144E}.Debug|x86.Build.0 = Debug|Any CPU
		{4544158C-2D63-4146-85FF-62169280144E}.Release|Any CPU.ActiveCfg = Release|Any CPU
		{4544158C-2D63-4146-85FF-62169280144E}.Release|Any CPU.Build.0 = Release|Any CPU
		{4544158C-2D63-4146-85FF-62169280144E}.Release|ARM64.ActiveCfg = Release|Any CPU
		{4544158C-2D63-4146-85FF-62169280144E}.Release|ARM64.Build.0 = Release|Any CPU
		{4544158C-2D63-4146-85FF-62169280144E}.Release|x64.ActiveCfg = Release|Any CPU
		{4544158C-2D63-4146-85FF-62169280144E}.Release|x64.Build.0 = Release|Any CPU
		{4544158C-2D63-4146-85FF-62169280144E}.Release|x86.ActiveCfg = Release|Any CPU
		{4544158C-2D63-4146-85FF-62169280144E}.Release|x86.Build.0 = Release|Any CPU
		{328799BB-7B03-4B28-8180-4132211FD07D}.Debug|Any CPU.ActiveCfg = Debug|Any CPU
		{328799BB-7B03-4B28-8180-4132211FD07D}.Debug|Any CPU.Build.0 = Debug|Any CPU
		{328799BB-7B03-4B28-8180-4132211FD07D}.Debug|ARM64.ActiveCfg = Debug|Any CPU
		{328799BB-7B03-4B28-8180-4132211FD07D}.Debug|ARM64.Build.0 = Debug|Any CPU
		{328799BB-7B03-4B28-8180-4132211FD07D}.Debug|x64.ActiveCfg = Debug|Any CPU
		{328799BB-7B03-4B28-8180-4132211FD07D}.Debug|x64.Build.0 = Debug|Any CPU
		{328799BB-7B03-4B28-8180-4132211FD07D}.Debug|x86.ActiveCfg = Debug|Any CPU
		{328799BB-7B03-4B28-8180-4132211FD07D}.Debug|x86.Build.0 = Debug|Any CPU
		{328799BB-7B03-4B28-8180-4132211FD07D}.Release|Any CPU.ActiveCfg = Release|Any CPU
		{328799BB-7B03-4B28-8180-4132211FD07D}.Release|Any CPU.Build.0 = Release|Any CPU
		{328799BB-7B03-4B28-8180-4132211FD07D}.Release|ARM64.ActiveCfg = Release|Any CPU
		{328799BB-7B03-4B28-8180-4132211FD07D}.Release|ARM64.Build.0 = Release|Any CPU
		{328799BB-7B03-4B28-8180-4132211FD07D}.Release|x64.ActiveCfg = Release|Any CPU
		{328799BB-7B03-4B28-8180-4132211FD07D}.Release|x64.Build.0 = Release|Any CPU
		{328799BB-7B03-4B28-8180-4132211FD07D}.Release|x86.ActiveCfg = Release|Any CPU
		{328799BB-7B03-4B28-8180-4132211FD07D}.Release|x86.Build.0 = Release|Any CPU
		{16F5202F-9276-4166-975C-C9654BAF8012}.Debug|Any CPU.ActiveCfg = Debug|Any CPU
		{16F5202F-9276-4166-975C-C9654BAF8012}.Debug|Any CPU.Build.0 = Debug|Any CPU
		{16F5202F-9276-4166-975C-C9654BAF8012}.Debug|ARM64.ActiveCfg = Debug|Any CPU
		{16F5202F-9276-4166-975C-C9654BAF8012}.Debug|ARM64.Build.0 = Debug|Any CPU
		{16F5202F-9276-4166-975C-C9654BAF8012}.Debug|x64.ActiveCfg = Debug|Any CPU
		{16F5202F-9276-4166-975C-C9654BAF8012}.Debug|x64.Build.0 = Debug|Any CPU
		{16F5202F-9276-4166-975C-C9654BAF8012}.Debug|x86.ActiveCfg = Debug|Any CPU
		{16F5202F-9276-4166-975C-C9654BAF8012}.Debug|x86.Build.0 = Debug|Any CPU
		{16F5202F-9276-4166-975C-C9654BAF8012}.Release|Any CPU.ActiveCfg = Release|Any CPU
		{16F5202F-9276-4166-975C-C9654BAF8012}.Release|Any CPU.Build.0 = Release|Any CPU
		{16F5202F-9276-4166-975C-C9654BAF8012}.Release|ARM64.ActiveCfg = Release|Any CPU
		{16F5202F-9276-4166-975C-C9654BAF8012}.Release|ARM64.Build.0 = Release|Any CPU
		{16F5202F-9276-4166-975C-C9654BAF8012}.Release|x64.ActiveCfg = Release|Any CPU
		{16F5202F-9276-4166-975C-C9654BAF8012}.Release|x64.Build.0 = Release|Any CPU
		{16F5202F-9276-4166-975C-C9654BAF8012}.Release|x86.ActiveCfg = Release|Any CPU
		{16F5202F-9276-4166-975C-C9654BAF8012}.Release|x86.Build.0 = Release|Any CPU
		{137D376B-989F-4FEA-9A67-01D8D38CA0DE}.Debug|Any CPU.ActiveCfg = Debug|Any CPU
		{137D376B-989F-4FEA-9A67-01D8D38CA0DE}.Debug|Any CPU.Build.0 = Debug|Any CPU
		{137D376B-989F-4FEA-9A67-01D8D38CA0DE}.Debug|ARM64.ActiveCfg = Debug|Any CPU
		{137D376B-989F-4FEA-9A67-01D8D38CA0DE}.Debug|ARM64.Build.0 = Debug|Any CPU
		{137D376B-989F-4FEA-9A67-01D8D38CA0DE}.Debug|x64.ActiveCfg = Debug|Any CPU
		{137D376B-989F-4FEA-9A67-01D8D38CA0DE}.Debug|x64.Build.0 = Debug|Any CPU
		{137D376B-989F-4FEA-9A67-01D8D38CA0DE}.Debug|x86.ActiveCfg = Debug|Any CPU
		{137D376B-989F-4FEA-9A67-01D8D38CA0DE}.Debug|x86.Build.0 = Debug|Any CPU
		{137D376B-989F-4FEA-9A67-01D8D38CA0DE}.Release|Any CPU.ActiveCfg = Release|Any CPU
		{137D376B-989F-4FEA-9A67-01D8D38CA0DE}.Release|Any CPU.Build.0 = Release|Any CPU
		{137D376B-989F-4FEA-9A67-01D8D38CA0DE}.Release|ARM64.ActiveCfg = Release|Any CPU
		{137D376B-989F-4FEA-9A67-01D8D38CA0DE}.Release|ARM64.Build.0 = Release|Any CPU
		{137D376B-989F-4FEA-9A67-01D8D38CA0DE}.Release|x64.ActiveCfg = Release|Any CPU
		{137D376B-989F-4FEA-9A67-01D8D38CA0DE}.Release|x64.Build.0 = Release|Any CPU
		{137D376B-989F-4FEA-9A67-01D8D38CA0DE}.Release|x86.ActiveCfg = Release|Any CPU
		{137D376B-989F-4FEA-9A67-01D8D38CA0DE}.Release|x86.Build.0 = Release|Any CPU
		{4F55F9B8-D8B6-41EB-8796-221B4CD98324}.Debug|Any CPU.ActiveCfg = Debug|Any CPU
		{4F55F9B8-D8B6-41EB-8796-221B4CD98324}.Debug|Any CPU.Build.0 = Debug|Any CPU
		{4F55F9B8-D8B6-41EB-8796-221B4CD98324}.Debug|ARM64.ActiveCfg = Debug|Any CPU
		{4F55F9B8-D8B6-41EB-8796-221B4CD98324}.Debug|ARM64.Build.0 = Debug|Any CPU
		{4F55F9B8-D8B6-41EB-8796-221B4CD98324}.Debug|x64.ActiveCfg = Debug|Any CPU
		{4F55F9B8-D8B6-41EB-8796-221B4CD98324}.Debug|x64.Build.0 = Debug|Any CPU
		{4F55F9B8-D8B6-41EB-8796-221B4CD98324}.Debug|x86.ActiveCfg = Debug|Any CPU
		{4F55F9B8-D8B6-41EB-8796-221B4CD98324}.Debug|x86.Build.0 = Debug|Any CPU
		{4F55F9B8-D8B6-41EB-8796-221B4CD98324}.Release|Any CPU.ActiveCfg = Release|Any CPU
		{4F55F9B8-D8B6-41EB-8796-221B4CD98324}.Release|Any CPU.Build.0 = Release|Any CPU
		{4F55F9B8-D8B6-41EB-8796-221B4CD98324}.Release|ARM64.ActiveCfg = Release|Any CPU
		{4F55F9B8-D8B6-41EB-8796-221B4CD98324}.Release|ARM64.Build.0 = Release|Any CPU
		{4F55F9B8-D8B6-41EB-8796-221B4CD98324}.Release|x64.ActiveCfg = Release|Any CPU
		{4F55F9B8-D8B6-41EB-8796-221B4CD98324}.Release|x64.Build.0 = Release|Any CPU
		{4F55F9B8-D8B6-41EB-8796-221B4CD98324}.Release|x86.ActiveCfg = Release|Any CPU
		{4F55F9B8-D8B6-41EB-8796-221B4CD98324}.Release|x86.Build.0 = Release|Any CPU
	EndGlobalSection
	GlobalSection(SolutionProperties) = preSolution
		HideSolutionNode = FALSE
	EndGlobalSection
	GlobalSection(ExtensibilityGlobals) = postSolution
		SolutionGuid = {5A365A50-2958-4E1C-AD69-7B90F09598BC}
	EndGlobalSection
EndGlobal
